# This file is automatically @generated by Cargo.
# It is not intended for manual editing.
version = 4

[[package]]
name = "mdlite"
version = "0.1.0"
source = "git+https://github.com/M-AKIMOTOO/mdlite.git#c58665427172c1b6dbc23246372576cb89e08283"

[[package]]
name = "tgplot"
version = "0.2.0"
dependencies = [
 "mdlite",
]
